
Microsoft Visual Studio Solution File, Format Version 12.00
Project("{F2A71F9B-5D33-465A-A702-920D77279786}") = "CapeMay.AdminServer", "src\CapeMay.AdminServer\CapeMay.AdminServer.fsproj", "{9713FCF1-073B-4C20-BF1E-A40CD50ABB32}"
EndProject
Project("{2150E333-8FDC-42A3-9474-1A3956D46DE8}") = "Meta", "Meta", "{E16749DB-68CA-4C00-B4B4-A1904F3AA3AD}"
	ProjectSection(SolutionItems) = preProject
		flake.nix = flake.nix
		paket.dependencies = paket.dependencies
	EndProjectSection
EndProject
Project("{2150E333-8FDC-42A3-9474-1A3956D46DE8}") = "Tests", "Tests", "{E255F0CB-3840-4FA8-8758-0E90AAD27D2C}"
EndProject
Project("{F2A71F9B-5D33-465A-A702-920D77279786}") = "CapeMay.AdminServer.ITests", "tests\CapeMay.AdminServer.ITests\CapeMay.AdminServer.ITests.fsproj", "{F40A9B8C-CDF7-4DA2-B839-C1AECBAE7007}"
EndProject
Project("{F2A71F9B-5D33-465A-A702-920D77279786}") = "CapeMay.Domain", "src\CapeMay.Domain\CapeMay.Domain.fsproj", "{614DA84E-0148-403C-A4B0-404A25E3DC5A}"
EndProject
Global
	GlobalSection(SolutionConfigurationPlatforms) = preSolution
		Debug|Any CPU = Debug|Any CPU
		Release|Any CPU = Release|Any CPU
	EndGlobalSection
	GlobalSection(ProjectConfigurationPlatforms) = postSolution
		{9713FCF1-073B-4C20-BF1E-A40CD50ABB32}.Debug|Any CPU.ActiveCfg = Debug|Any CPU
		{9713FCF1-073B-4C20-BF1E-A40CD50ABB32}.Debug|Any CPU.Build.0 = Debug|Any CPU
		{9713FCF1-073B-4C20-BF1E-A40CD50ABB32}.Release|Any CPU.ActiveCfg = Release|Any CPU
		{9713FCF1-073B-4C20-BF1E-A40CD50ABB32}.Release|Any CPU.Build.0 = Release|Any CPU
		{F40A9B8C-CDF7-4DA2-B839-C1AECBAE7007}.Debug|Any CPU.ActiveCfg = Debug|Any CPU
		{F40A9B8C-CDF7-4DA2-B839-C1AECBAE7007}.Debug|Any CPU.Build.0 = Debug|Any CPU
		{F40A9B8C-CDF7-4DA2-B839-C1AECBAE7007}.Release|Any CPU.ActiveCfg = Release|Any CPU
		{F40A9B8C-CDF7-4DA2-B839-C1AECBAE7007}.Release|Any CPU.Build.0 = Release|Any CPU
		{614DA84E-0148-403C-A4B0-404A25E3DC5A}.Debug|Any CPU.ActiveCfg = Debug|Any CPU
		{614DA84E-0148-403C-A4B0-404A25E3DC5A}.Debug|Any CPU.Build.0 = Debug|Any CPU
		{614DA84E-0148-403C-A4B0-404A25E3DC5A}.Release|Any CPU.ActiveCfg = Release|Any CPU
		{614DA84E-0148-403C-A4B0-404A25E3DC5A}.Release|Any CPU.Build.0 = Release|Any CPU
	EndGlobalSection
	GlobalSection(NestedProjects) = preSolution
		{F40A9B8C-CDF7-4DA2-B839-C1AECBAE7007} = {E255F0CB-3840-4FA8-8758-0E90AAD27D2C}
	EndGlobalSection
EndGlobal
