
Microsoft Visual Studio Solution File, Format Version 12.00
Project("{F2A71F9B-5D33-465A-A702-920D77279786}") = "CapeMay.Admin.Server", "src\CapeMay.Admin.Server\CapeMay.Admin.Server.fsproj", "{9713FCF1-073B-4C20-BF1E-A40CD50ABB32}"
EndProject
Project("{2150E333-8FDC-42A3-9474-1A3956D46DE8}") = "Meta", "Meta", "{E16749DB-68CA-4C00-B4B4-A1904F3AA3AD}"
	ProjectSection(SolutionItems) = preProject
		flake.nix = flake.nix
		.envrc = .envrc
	EndProjectSection
EndProject
Project("{2150E333-8FDC-42A3-9474-1A3956D46DE8}") = "Tests", "Tests", "{E255F0CB-3840-4FA8-8758-0E90AAD27D2C}"
EndProject
Project("{F2A71F9B-5D33-465A-A702-920D77279786}") = "CapeMay.Admin.Server.ITests", "tests\CapeMay.Admin.Server.ITests\CapeMay.Admin.Server.ITests.fsproj", "{F40A9B8C-CDF7-4DA2-B839-C1AECBAE7007}"
EndProject
Project("{F2A71F9B-5D33-465A-A702-920D77279786}") = "CapeMay.Domain", "src\CapeMay.Domain\CapeMay.Domain.fsproj", "{614DA84E-0148-403C-A4B0-404A25E3DC5A}"
EndProject
Project("{F2A71F9B-5D33-465A-A702-920D77279786}") = "CapeMay.Admin.Domain", "src\CapeMay.Admin.Domain\CapeMay.Admin.Domain.fsproj", "{F9803FDD-24E6-4F8E-BA5E-8EE230469B22}"
EndProject
Project("{F2A71F9B-5D33-465A-A702-920D77279786}") = "CapeMay.Domain.Tests", "tests\CapeMay.Domain.Tests\CapeMay.Domain.Tests.fsproj", "{C065188E-7EF8-4946-829E-811626FF487E}"
EndProject
Project("{2150E333-8FDC-42A3-9474-1A3956D46DE8}") = "Db", "Db", "{AEEC7563-79E2-4509-B1B5-22E6CC80E9DD}"
EndProject
Project("{2150E333-8FDC-42A3-9474-1A3956D46DE8}") = "admin", "admin", "{DC1C5BCE-9019-4F75-B611-384999A9BB5A}"
	ProjectSection(SolutionItems) = preProject
		db\admin\admin.sqlite = db\admin\admin.sqlite
		db\admin\sqitch.conf = db\admin\sqitch.conf
		db\admin\sqitch.plan = db\admin\sqitch.plan
		db\admin\sqitch.sqlite = db\admin\sqitch.sqlite
	EndProjectSection
EndProject
Project("{2150E333-8FDC-42A3-9474-1A3956D46DE8}") = "deploy", "deploy", "{670213B4-9B0E-491F-B6C9-70D93223EA9A}"
	ProjectSection(SolutionItems) = preProject
		db\admin\deploy\tenants.sql = db\admin\deploy\tenants.sql
	EndProjectSection
EndProject
Project("{2150E333-8FDC-42A3-9474-1A3956D46DE8}") = "verify", "verify", "{E7B3A479-984D-48B5-9BAF-F63496DFE992}"
	ProjectSection(SolutionItems) = preProject
		db\admin\verify\tenants.sql = db\admin\verify\tenants.sql
	EndProjectSection
EndProject
Project("{2150E333-8FDC-42A3-9474-1A3956D46DE8}") = "revert", "revert", "{BC3F90FB-D21D-4D06-A481-8B6F65DF6056}"
	ProjectSection(SolutionItems) = preProject
		db\admin\revert\tenants.sql = db\admin\revert\tenants.sql
	EndProjectSection
EndProject
Project("{F2A71F9B-5D33-465A-A702-920D77279786}") = "CapeMay.Admin.Domain.Tests", "tests\CapeMay.Admin.Domain.Tests\CapeMay.Admin.Domain.Tests.fsproj", "{8AD9DC2B-1BED-4C1B-BE38-C743B5B36ABD}"
EndProject
Project("{F2A71F9B-5D33-465A-A702-920D77279786}") = "CapeMay.Consumer.Server", "src\CapeMay.Consumer.Server\CapeMay.Consumer.Server.fsproj", "{8A57F166-F6C2-4636-BCA3-4352F60C0778}"
EndProject
Project("{F2A71F9B-5D33-465A-A702-920D77279786}") = "Vp.FSharp.Sql.Sqlite", "src\Vp.FSharp.Sql.Sqlite\Vp.FSharp.Sql.Sqlite\Vp.FSharp.Sql.Sqlite.fsproj", "{825D33DC-D8ED-4F46-A73F-DBE120C790EB}"
EndProject
Global
	GlobalSection(SolutionConfigurationPlatforms) = preSolution
		Debug|Any CPU = Debug|Any CPU
		Release|Any CPU = Release|Any CPU
	EndGlobalSection
	GlobalSection(ProjectConfigurationPlatforms) = postSolution
		{9713FCF1-073B-4C20-BF1E-A40CD50ABB32}.Debug|Any CPU.ActiveCfg = Debug|Any CPU
		{9713FCF1-073B-4C20-BF1E-A40CD50ABB32}.Debug|Any CPU.Build.0 = Debug|Any CPU
		{9713FCF1-073B-4C20-BF1E-A40CD50ABB32}.Release|Any CPU.ActiveCfg = Release|Any CPU
		{9713FCF1-073B-4C20-BF1E-A40CD50ABB32}.Release|Any CPU.Build.0 = Release|Any CPU
		{F40A9B8C-CDF7-4DA2-B839-C1AECBAE7007}.Debug|Any CPU.ActiveCfg = Debug|Any CPU
		{F40A9B8C-CDF7-4DA2-B839-C1AECBAE7007}.Debug|Any CPU.Build.0 = Debug|Any CPU
		{F40A9B8C-CDF7-4DA2-B839-C1AECBAE7007}.Release|Any CPU.ActiveCfg = Release|Any CPU
		{F40A9B8C-CDF7-4DA2-B839-C1AECBAE7007}.Release|Any CPU.Build.0 = Release|Any CPU
		{614DA84E-0148-403C-A4B0-404A25E3DC5A}.Debug|Any CPU.ActiveCfg = Debug|Any CPU
		{614DA84E-0148-403C-A4B0-404A25E3DC5A}.Debug|Any CPU.Build.0 = Debug|Any CPU
		{614DA84E-0148-403C-A4B0-404A25E3DC5A}.Release|Any CPU.ActiveCfg = Release|Any CPU
		{614DA84E-0148-403C-A4B0-404A25E3DC5A}.Release|Any CPU.Build.0 = Release|Any CPU
		{F9803FDD-24E6-4F8E-BA5E-8EE230469B22}.Debug|Any CPU.ActiveCfg = Debug|Any CPU
		{F9803FDD-24E6-4F8E-BA5E-8EE230469B22}.Debug|Any CPU.Build.0 = Debug|Any CPU
		{F9803FDD-24E6-4F8E-BA5E-8EE230469B22}.Release|Any CPU.ActiveCfg = Release|Any CPU
		{F9803FDD-24E6-4F8E-BA5E-8EE230469B22}.Release|Any CPU.Build.0 = Release|Any CPU
		{C065188E-7EF8-4946-829E-811626FF487E}.Debug|Any CPU.ActiveCfg = Debug|Any CPU
		{C065188E-7EF8-4946-829E-811626FF487E}.Debug|Any CPU.Build.0 = Debug|Any CPU
		{C065188E-7EF8-4946-829E-811626FF487E}.Release|Any CPU.ActiveCfg = Release|Any CPU
		{C065188E-7EF8-4946-829E-811626FF487E}.Release|Any CPU.Build.0 = Release|Any CPU
		{8AD9DC2B-1BED-4C1B-BE38-C743B5B36ABD}.Debug|Any CPU.ActiveCfg = Debug|Any CPU
		{8AD9DC2B-1BED-4C1B-BE38-C743B5B36ABD}.Debug|Any CPU.Build.0 = Debug|Any CPU
		{8AD9DC2B-1BED-4C1B-BE38-C743B5B36ABD}.Release|Any CPU.ActiveCfg = Release|Any CPU
		{8AD9DC2B-1BED-4C1B-BE38-C743B5B36ABD}.Release|Any CPU.Build.0 = Release|Any CPU
		{8A57F166-F6C2-4636-BCA3-4352F60C0778}.Debug|Any CPU.ActiveCfg = Debug|Any CPU
		{8A57F166-F6C2-4636-BCA3-4352F60C0778}.Debug|Any CPU.Build.0 = Debug|Any CPU
		{8A57F166-F6C2-4636-BCA3-4352F60C0778}.Release|Any CPU.ActiveCfg = Release|Any CPU
		{8A57F166-F6C2-4636-BCA3-4352F60C0778}.Release|Any CPU.Build.0 = Release|Any CPU
		{825D33DC-D8ED-4F46-A73F-DBE120C790EB}.Debug|Any CPU.ActiveCfg = Debug|Any CPU
		{825D33DC-D8ED-4F46-A73F-DBE120C790EB}.Debug|Any CPU.Build.0 = Debug|Any CPU
		{825D33DC-D8ED-4F46-A73F-DBE120C790EB}.Release|Any CPU.ActiveCfg = Release|Any CPU
		{825D33DC-D8ED-4F46-A73F-DBE120C790EB}.Release|Any CPU.Build.0 = Release|Any CPU
	EndGlobalSection
	GlobalSection(NestedProjects) = preSolution
		{F40A9B8C-CDF7-4DA2-B839-C1AECBAE7007} = {E255F0CB-3840-4FA8-8758-0E90AAD27D2C}
		{C065188E-7EF8-4946-829E-811626FF487E} = {E255F0CB-3840-4FA8-8758-0E90AAD27D2C}
		{DC1C5BCE-9019-4F75-B611-384999A9BB5A} = {AEEC7563-79E2-4509-B1B5-22E6CC80E9DD}
		{670213B4-9B0E-491F-B6C9-70D93223EA9A} = {DC1C5BCE-9019-4F75-B611-384999A9BB5A}
		{E7B3A479-984D-48B5-9BAF-F63496DFE992} = {DC1C5BCE-9019-4F75-B611-384999A9BB5A}
		{BC3F90FB-D21D-4D06-A481-8B6F65DF6056} = {DC1C5BCE-9019-4F75-B611-384999A9BB5A}
		{8AD9DC2B-1BED-4C1B-BE38-C743B5B36ABD} = {E255F0CB-3840-4FA8-8758-0E90AAD27D2C}
	EndGlobalSection
EndGlobal
